<?xml version="1.0" encoding="utf-8"?>
<Project ToolsVersion="4.0" xmlns="http://schemas.microsoft.com/developer/msbuild/2003">
  <ItemGroup>
    <Filter Include="Source Files">
      <UniqueIdentifier>{4FC737F1-C7A5-4376-A066-2A32D752A2FF}</UniqueIdentifier>
      <Extensions>qml;cpp;c;cc;cxx;def;odl;idl;hpj;bat;asm;asmx</Extensions>
    </Filter>
    <Filter Include="Header Files">
      <UniqueIdentifier>{93995380-89BD-4b04-88EB-625FBE52EBFB}</UniqueIdentifier>
      <Extensions>h;hh;hpp;hxx;hm;inl;inc;xsd</Extensions>
    </Filter>
    <Filter Include="Resource Files">
      <UniqueIdentifier>{67DA6AB6-F800-4c08-8B7A-83BB121AAD01}</UniqueIdentifier>
      <Extensions>qrc;rc;ico;cur;bmp;dlg;rc2;rct;bin;rgs;gif;jpg;jpeg;jpe;resx;tiff;tif;png;wav;mfcribbon-ms</Extensions>
    </Filter>
    <Filter Include="Form Files">
      <UniqueIdentifier>{99349809-55BA-4b9d-BF79-8FDBB0286EB3}</UniqueIdentifier>
      <Extensions>ui</Extensions>
    </Filter>
    <Filter Include="Translation Files">
      <UniqueIdentifier>{639EADAA-A684-42e4-A9AD-28FC9BCB8F7C}</UniqueIdentifier>
      <Extensions>ts</Extensions>
    </Filter>
    <Filter Include="Source Files\Qt">
      <UniqueIdentifier>{cb1cfe68-618b-446e-875e-9b4ad93d14b4}</UniqueIdentifier>
    </Filter>
  </ItemGroup>
  <ItemGroup>
    <ClCompile Include="main.cpp">
      <Filter>Source Files</Filter>
    </ClCompile>
    <QtRcc Include="qml.qrc">
      <Filter>Resource Files</Filter>
    </QtRcc>
    <None Include="main.qml">
      <Filter>Source Files</Filter>
    </None>
    <ClInclude Include="Headers\stdafx.h">
      <Filter>Header Files</Filter>
    </ClInclude>
    <ClCompile Include="Sources\stdafx.cpp">
      <Filter>Source Files</Filter>
    </ClCompile>
    <ClCompile Include="Sources\Qt\Scenes\OpenGLWidget.cpp">
      <Filter>Source Files\Qt</Filter>
    </ClCompile>
    <ClCompile Include="Sources\Engine\Loaders\ModelLoader.cpp">
      <Filter>Source Files</Filter>
    </ClCompile>
    <ClCompile Include="Sources\Engine\Renders\EBO.cpp">
      <Filter>Source Files</Filter>
    </ClCompile>
    <ClCompile Include="Sources\Engine\Renders\Mesh.cpp">
      <Filter>Source Files</Filter>
    </ClCompile>
    <ClCompile Include="Sources\Engine\Renders\ShaderProgram.cpp">
      <Filter>Source Files</Filter>
    </ClCompile>
    <ClCompile Include="Sources\Engine\Renders\VAO.cpp">
      <Filter>Source Files</Filter>
    </ClCompile>
    <ClCompile Include="Sources\Engine\Renders\VBO.cpp">
      <Filter>Source Files</Filter>
    </ClCompile>
    <ClCompile Include="Sources\Engine\Scenes\Scene.cpp">
      <Filter>Source Files</Filter>
    </ClCompile>
    <ClCompile Include="Sources\Engine\Scenes\Node.cpp">
      <Filter>Source Files</Filter>
    </ClCompile>
    <ClCompile Include="Sources\Engine\Nodes\Container.cpp">
      <Filter>Source Files</Filter>
    </ClCompile>
    <ClCompile Include="Sources\Engine\Nodes\MeshRenderer.cpp">
      <Filter>Source Files</Filter>
    </ClCompile>
    <ClCompile Include="Sources\Engine\Nodes\Camera.cpp">
      <Filter>Source Files</Filter>
    </ClCompile>
    <ClCompile Include="Sources\TestGame\Scenes\TestScene.cpp">
      <Filter>Source Files</Filter>
    </ClCompile>
    <ClCompile Include="Sources\TestGame\Controllers\FPSCameraController.cpp">
      <Filter>Source Files</Filter>
    </ClCompile>
    <ClCompile Include="Sources\Qt\Inputs\InputPublisher.cpp">
      <Filter>Source Files</Filter>
    </ClCompile>
    <ClCompile Include="Sources\Qt\Inputs\InputSubscriber.cpp">
      <Filter>Source Files</Filter>
    </ClCompile>
    <ClCompile Include="Sources\Qt\MainWindow.cpp">
      <Filter>Source Files</Filter>
    </ClCompile>
    <ClCompile Include="Sources\Qt\Hierarchy\HierarchyItem.cpp">
      <Filter>Source Files</Filter>
    </ClCompile>
    <ClCompile Include="Sources\Qt\Hierarchy\HierarchyWidget.cpp">
      <Filter>Source Files</Filter>
    </ClCompile>
    <ClCompile Include="Sources\Qt\Inspector\InspectorWidget.cpp">
      <Filter>Source Files</Filter>
    </ClCompile>
    <ClCompile Include="Sources\Engine\Components\Renderer.cpp">
      <Filter>Source Files</Filter>
    </ClCompile>
    <ClCompile Include="Sources\Engine\Components\Transform.cpp">
      <Filter>Source Files</Filter>
    </ClCompile>
    <ClCompile Include="Sources\Qt\Inspector\InspectorNodeVisitor.cpp">
      <Filter>Source Files</Filter>
    </ClCompile>
    <ClCompile Include="Sources\Qt\Inspector\NodeWidgets\TransformWidget.cpp">
      <Filter>Source Files</Filter>
    </ClCompile>
    <ClCompile Include="Sources\Qt\Widgets\SectionWidget.cpp">
      <Filter>Source Files</Filter>
    </ClCompile>
    <ClCompile Include="Sources\Qt\Layouts\VectorFieldLayout.cpp">
      <Filter>Source Files</Filter>
    </ClCompile>
    <ClCompile Include="Sources\Qt\Inspector\NodeWidgets\CameraWidget.cpp">
      <Filter>Source Files</Filter>
    </ClCompile>
    <ClCompile Include="Sources\Qt\Inspector\NodeWidgets\NodeWidget.cpp">
      <Filter>Source Files</Filter>
    </ClCompile>
    <ClCompile Include="Sources\Engine\Scenes\SceneManager.cpp">
      <Filter>Source Files</Filter>
    </ClCompile>
    <ClCompile Include="Sources\Qt\Scenes\SceneWidget.cpp">
      <Filter>Source Files</Filter>
    </ClCompile>
  </ItemGroup>
  <ItemGroup>
    <ClInclude Include="Headers\Engine\Loaders\ModelLoader.h">
      <Filter>Header Files</Filter>
    </ClInclude>
    <ClInclude Include="Headers\Engine\Renders\EBO.h">
      <Filter>Header Files</Filter>
    </ClInclude>
    <ClInclude Include="Headers\Engine\Renders\Mesh.h">
      <Filter>Header Files</Filter>
    </ClInclude>
    <ClInclude Include="Headers\Engine\Renders\ShaderProgram.h">
      <Filter>Header Files</Filter>
    </ClInclude>
    <ClInclude Include="Headers\Engine\Renders\Texture.h">
      <Filter>Header Files</Filter>
    </ClInclude>
    <ClInclude Include="Headers\Engine\Renders\VAO.h">
      <Filter>Header Files</Filter>
    </ClInclude>
    <ClInclude Include="Headers\Engine\Renders\VBO.h">
      <Filter>Header Files</Filter>
    </ClInclude>
    <ClInclude Include="Headers\Engine\Renders\Vertex.h">
      <Filter>Header Files</Filter>
    </ClInclude>
    <ClInclude Include="Headers\Engine\Scenes\Scene.h">
      <Filter>Header Files</Filter>
    </ClInclude>
    <ClInclude Include="Headers\Engine\Scenes\Node.h">
      <Filter>Header Files</Filter>
    </ClInclude>
    <ClInclude Include="Headers\Engine\Nodes\Container.h">
      <Filter>Header Files</Filter>
    </ClInclude>
    <ClInclude Include="Headers\Engine\Nodes\MeshRenderer.h">
      <Filter>Header Files</Filter>
    </ClInclude>
    <ClInclude Include="Headers\Engine\Engine.h">
      <Filter>Header Files</Filter>
    </ClInclude>
    <ClInclude Include="Headers\Engine\Nodes\Camera.h">
      <Filter>Header Files</Filter>
    </ClInclude>
    <ClInclude Include="Headers\TestGame\Controllers\FPSCameraController.h">
      <Filter>Header Files</Filter>
    </ClInclude>
    <ClInclude Include="Headers\Engine\Enums\RenderMode.h">
      <Filter>Header Files</Filter>
    </ClInclude>
    <ClInclude Include="Headers\TestGame\Scenes\TestScene.h">
      <Filter>Header Files</Filter>
    </ClInclude>
    <ClInclude Include="Headers\Qt\Inputs\InputState.h">
      <Filter>Header Files</Filter>
    </ClInclude>
    <ClInclude Include="Headers\Qt\Inputs\InputPublisher.h">
      <Filter>Header Files</Filter>
    </ClInclude>
    <ClInclude Include="Headers\Qt\Inputs\InputSubscriber.h">
      <Filter>Header Files</Filter>
    </ClInclude>
    <ClInclude Include="Headers\Engine\Constants\ResourcePath.h">
      <Filter>Header Files</Filter>
    </ClInclude>
    <ClInclude Include="Headers\Engine\Constants\SerializePath.h">
      <Filter>Header Files</Filter>
    </ClInclude>
    <ClInclude Include="Headers\Engine\Interfaces\ISerializable.h">
      <Filter>Header Files</Filter>
    </ClInclude>
    <ClInclude Include="Headers\Engine\Interfaces\IScene.h">
      <Filter>Header Files</Filter>
    </ClInclude>
    <ClInclude Include="Headers\Engine\Interfaces\INodeVisitable.h">
      <Filter>Header Files</Filter>
    </ClInclude>
    <ClInclude Include="Headers\Engine\Interfaces\INodeVisitor.h">
      <Filter>Header Files</Filter>
    </ClInclude>
    <ClInclude Include="Headers\Engine\Components\Transform.h">
      <Filter>Header Files</Filter>
    </ClInclude>
    <ClInclude Include="Headers\Engine\Components\Renderer.h">
      <Filter>Header Files</Filter>
    </ClInclude>
    <ClInclude Include="Headers\Qt\Inspector\InspectorNodeVisitor.h">
      <Filter>Header Files</Filter>
    </ClInclude>
    <ClInclude Include="Headers\Qt\Layouts\VectorFieldLayout.h">
      <Filter>Header Files</Filter>
    </ClInclude>
    <ClInclude Include="Headers\Engine\Scenes\SceneManager.h">
      <Filter>Header Files</Filter>
    </ClInclude>
  </ItemGroup>
  <ItemGroup>
    <None Include="Resources\Shaders\default.frag" />
    <None Include="Resources\Shaders\default.vert" />
  </ItemGroup>
  <ItemGroup>
    <Image Include="Resources\Textures\Blank.png">
      <Filter>Resource Files</Filter>
    </Image>
  </ItemGroup>
  <ItemGroup>
    <QtMoc Include="Headers\Qt\Scenes\OpenGLWidget.h">
      <Filter>Header Files</Filter>
    </QtMoc>
    <QtMoc Include="Headers\Qt\MainWindow.h">
      <Filter>Header Files</Filter>
    </QtMoc>
    <QtMoc Include="Headers\Qt\Hierarchy\HierarchyWidget.h">
      <Filter>Header Files</Filter>
    </QtMoc>
    <QtMoc Include="Headers\Qt\Hierarchy\HierarchyItem.h">
      <Filter>Header Files</Filter>
    </QtMoc>
    <QtMoc Include="Headers\Qt\Inspector\InspectorWidget.h">
      <Filter>Header Files</Filter>
    </QtMoc>
    <QtMoc Include="Headers\Qt\Inspector\NodeWidgets\TransformWidget.h">
      <Filter>Header Files</Filter>
    </QtMoc>
    <QtMoc Include="Headers\Qt\Widgets\SectionWidget.h">
      <Filter>Header Files</Filter>
    </QtMoc>
    <QtMoc Include="Headers\Qt\Inspector\NodeWidgets\NodeWidget.h">
      <Filter>Header Files</Filter>
    </QtMoc>
    <QtMoc Include="Headers\Qt\Inspector\NodeWidgets\CameraWidget.h">
      <Filter>Header Files</Filter>
    </QtMoc>
    <QtMoc Include="Headers\Qt\Scenes\SceneWidget.h">
      <Filter>Header Files</Filter>
    </QtMoc>
  </ItemGroup>
  <ItemGroup>
    <QtRcc Include="Resource.qrc">
      <Filter>Resource Files</Filter>
    </QtRcc>
  </ItemGroup>
</Project>